
Microsoft Visual Studio Solution File, Format Version 12.00
Project("{FAE04EC0-301F-11D3-BF4B-00C04F79EFBC}") = "RealmHelper.Client.WebUi", "src\RealmHelper.Client.WebUi\RealmHelper.Client.WebUi.csproj", "{8942A612-F0E3-47FE-8C7E-648C80813070}"
EndProject
Project("{FAE04EC0-301F-11D3-BF4B-00C04F79EFBC}") = "RealmHelper.Client.Infrastructure", "src\RealmHelper.Client.Infrastructure\RealmHelper.Client.Infrastructure.csproj", "{E95CBB22-5FB9-4997-9631-C49E22107B16}"
EndProject
Project("{FAE04EC0-301F-11D3-BF4B-00C04F79EFBC}") = "RealmHelper.Client.Domain", "src\RealmHelper.Client.Domain\RealmHelper.Client.Domain.csproj", "{F3D50F28-5EB8-46E2-9740-AF7ADD7AFA3D}"
EndProject
Project("{FAE04EC0-301F-11D3-BF4B-00C04F79EFBC}") = "RealmHelper.Client.Application", "src\RealmHelper.Client.Application\RealmHelper.Client.Application.csproj", "{070EF8DB-337A-410F-9B8E-7EDEAFAB9A58}"
EndProject
Project("{FAE04EC0-301F-11D3-BF4B-00C04F79EFBC}") = "RealmHelper.Realm.Bedrock.Abstractions", "..\RealmHelper.Realm\RealmHelper.Realm.Bedrock\src\RealmHelper.Realm.Bedrock.Abstractions\RealmHelper.Realm.Bedrock.Abstractions.csproj", "{88ED84F3-CBFF-4FD5-8F95-568535BF8D06}"
EndProject
Project("{FAE04EC0-301F-11D3-BF4B-00C04F79EFBC}") = "RealmHelper.Realm.Java.Abstractions", "..\RealmHelper.Realm\RealmHelper.Realm.Java\src\RealmHelper.Realm.Java.Abstractions\RealmHelper.Realm.Java.Abstractions.csproj", "{0FC18FD8-F1E5-4454-8147-3A04EDD4E806}"
EndProject
Project("{FAE04EC0-301F-11D3-BF4B-00C04F79EFBC}") = "RealmHelper.Realm.Common.Abstractions", "..\RealmHelper.Realm\RealmHelper.Realm.Common\src\RealmHelper.Realm.Common.Abstractions\RealmHelper.Realm.Common.Abstractions.csproj", "{F80472BB-557A-4456-A683-3D0E46A331CD}"
EndProject
Global
	GlobalSection(SolutionConfigurationPlatforms) = preSolution
		Debug|Any CPU = Debug|Any CPU
		Release|Any CPU = Release|Any CPU
	EndGlobalSection
	GlobalSection(ProjectConfigurationPlatforms) = postSolution
		{8942A612-F0E3-47FE-8C7E-648C80813070}.Debug|Any CPU.ActiveCfg = Debug|Any CPU
		{8942A612-F0E3-47FE-8C7E-648C80813070}.Debug|Any CPU.Build.0 = Debug|Any CPU
		{8942A612-F0E3-47FE-8C7E-648C80813070}.Release|Any CPU.ActiveCfg = Release|Any CPU
		{8942A612-F0E3-47FE-8C7E-648C80813070}.Release|Any CPU.Build.0 = Release|Any CPU
		{E95CBB22-5FB9-4997-9631-C49E22107B16}.Debug|Any CPU.ActiveCfg = Debug|Any CPU
		{E95CBB22-5FB9-4997-9631-C49E22107B16}.Debug|Any CPU.Build.0 = Debug|Any CPU
		{E95CBB22-5FB9-4997-9631-C49E22107B16}.Release|Any CPU.ActiveCfg = Release|Any CPU
		{E95CBB22-5FB9-4997-9631-C49E22107B16}.Release|Any CPU.Build.0 = Release|Any CPU
		{F3D50F28-5EB8-46E2-9740-AF7ADD7AFA3D}.Debug|Any CPU.ActiveCfg = Debug|Any CPU
		{F3D50F28-5EB8-46E2-9740-AF7ADD7AFA3D}.Debug|Any CPU.Build.0 = Debug|Any CPU
		{F3D50F28-5EB8-46E2-9740-AF7ADD7AFA3D}.Release|Any CPU.ActiveCfg = Release|Any CPU
		{F3D50F28-5EB8-46E2-9740-AF7ADD7AFA3D}.Release|Any CPU.Build.0 = Release|Any CPU
		{070EF8DB-337A-410F-9B8E-7EDEAFAB9A58}.Debug|Any CPU.ActiveCfg = Debug|Any CPU
		{070EF8DB-337A-410F-9B8E-7EDEAFAB9A58}.Debug|Any CPU.Build.0 = Debug|Any CPU
		{070EF8DB-337A-410F-9B8E-7EDEAFAB9A58}.Release|Any CPU.ActiveCfg = Release|Any CPU
		{070EF8DB-337A-410F-9B8E-7EDEAFAB9A58}.Release|Any CPU.Build.0 = Release|Any CPU
		{88ED84F3-CBFF-4FD5-8F95-568535BF8D06}.Debug|Any CPU.ActiveCfg = Debug|Any CPU
		{88ED84F3-CBFF-4FD5-8F95-568535BF8D06}.Debug|Any CPU.Build.0 = Debug|Any CPU
		{88ED84F3-CBFF-4FD5-8F95-568535BF8D06}.Release|Any CPU.ActiveCfg = Release|Any CPU
		{88ED84F3-CBFF-4FD5-8F95-568535BF8D06}.Release|Any CPU.Build.0 = Release|Any CPU
		{0FC18FD8-F1E5-4454-8147-3A04EDD4E806}.Debug|Any CPU.ActiveCfg = Debug|Any CPU
		{0FC18FD8-F1E5-4454-8147-3A04EDD4E806}.Debug|Any CPU.Build.0 = Debug|Any CPU
		{0FC18FD8-F1E5-4454-8147-3A04EDD4E806}.Release|Any CPU.ActiveCfg = Release|Any CPU
		{0FC18FD8-F1E5-4454-8147-3A04EDD4E806}.Release|Any CPU.Build.0 = Release|Any CPU
		{F80472BB-557A-4456-A683-3D0E46A331CD}.Debug|Any CPU.ActiveCfg = Debug|Any CPU
		{F80472BB-557A-4456-A683-3D0E46A331CD}.Debug|Any CPU.Build.0 = Debug|Any CPU
		{F80472BB-557A-4456-A683-3D0E46A331CD}.Release|Any CPU.ActiveCfg = Release|Any CPU
		{F80472BB-557A-4456-A683-3D0E46A331CD}.Release|Any CPU.Build.0 = Release|Any CPU
	EndGlobalSection
EndGlobal
