
Microsoft Visual Studio Solution File, Format Version 12.00
Project("{FAE04EC0-301F-11D3-BF4B-00C04F79EFBC}") = "RealmHelper.Realm.Bedrock.WebApi", "src\RealmHelper.Realm.Bedrock.WebApi\RealmHelper.Realm.Bedrock.WebApi.csproj", "{2EF77868-970E-4FAA-97DF-22DADF9C9C60}"
EndProject
Project("{FAE04EC0-301F-11D3-BF4B-00C04F79EFBC}") = "RealmHelper.Realm.Bedrock.Infrastructure", "src\RealmHelper.Realm.Bedrock.Infrastructure\RealmHelper.Realm.Bedrock.Infrastructure.csproj", "{FE59AA40-8B8C-4FCA-BE33-AEE780C11258}"
EndProject
Project("{FAE04EC0-301F-11D3-BF4B-00C04F79EFBC}") = "RealmHelper.Realm.Bedrock.Application", "src\RealmHelper.Realm.Bedrock.Application\RealmHelper.Realm.Bedrock.Application.csproj", "{DFA72C60-44BA-432D-B896-4D90ABF6FA7E}"
EndProject
Project("{FAE04EC0-301F-11D3-BF4B-00C04F79EFBC}") = "RealmHelper.Realm.Bedrock.Abstractions", "src\RealmHelper.Realm.Bedrock.Abstractions\RealmHelper.Realm.Bedrock.Abstractions.csproj", "{7FE8A4D5-F8B1-4938-BFA6-3958037C8254}"
EndProject
Project("{FAE04EC0-301F-11D3-BF4B-00C04F79EFBC}") = "RealmHelper.Realm.Common.Abstractions", "..\RealmHelper.Realm.Common\src\RealmHelper.Realm.Common.Abstractions\RealmHelper.Realm.Common.Abstractions.csproj", "{BDC6283F-73FF-4FF4-8C50-B3C063CD4A03}"
EndProject
Project("{FAE04EC0-301F-11D3-BF4B-00C04F79EFBC}") = "RealmHelper.Realm.Common.Application", "..\RealmHelper.Realm.Common\src\RealmHelper.Realm.Common.Application\RealmHelper.Realm.Common.Application.csproj", "{04ADF3FF-D1FC-4B70-8021-BED525F5F443}"
EndProject
Project("{FAE04EC0-301F-11D3-BF4B-00C04F79EFBC}") = "RealmHelper.Realm.Common.Infrastructure", "..\RealmHelper.Realm.Common\src\RealmHelper.Realm.Common.Infrastructure\RealmHelper.Realm.Common.Infrastructure.csproj", "{5C144C3B-0D73-4558-83E4-BA12540EE808}"
EndProject
Project("{FAE04EC0-301F-11D3-BF4B-00C04F79EFBC}") = "RealmHelper.Realm.Common.WebApi", "..\RealmHelper.Realm.Common\src\RealmHelper.Realm.Common.WebApi\RealmHelper.Realm.Common.WebApi.csproj", "{5C435B40-05DE-4753-93A7-0B601D5BC354}"
EndProject
Global
	GlobalSection(SolutionConfigurationPlatforms) = preSolution
		Debug|Any CPU = Debug|Any CPU
		Release|Any CPU = Release|Any CPU
	EndGlobalSection
	GlobalSection(ProjectConfigurationPlatforms) = postSolution
		{2EF77868-970E-4FAA-97DF-22DADF9C9C60}.Debug|Any CPU.ActiveCfg = Debug|Any CPU
		{2EF77868-970E-4FAA-97DF-22DADF9C9C60}.Debug|Any CPU.Build.0 = Debug|Any CPU
		{2EF77868-970E-4FAA-97DF-22DADF9C9C60}.Release|Any CPU.ActiveCfg = Release|Any CPU
		{2EF77868-970E-4FAA-97DF-22DADF9C9C60}.Release|Any CPU.Build.0 = Release|Any CPU
		{FE59AA40-8B8C-4FCA-BE33-AEE780C11258}.Debug|Any CPU.ActiveCfg = Debug|Any CPU
		{FE59AA40-8B8C-4FCA-BE33-AEE780C11258}.Debug|Any CPU.Build.0 = Debug|Any CPU
		{FE59AA40-8B8C-4FCA-BE33-AEE780C11258}.Release|Any CPU.ActiveCfg = Release|Any CPU
		{FE59AA40-8B8C-4FCA-BE33-AEE780C11258}.Release|Any CPU.Build.0 = Release|Any CPU
		{DFA72C60-44BA-432D-B896-4D90ABF6FA7E}.Debug|Any CPU.ActiveCfg = Debug|Any CPU
		{DFA72C60-44BA-432D-B896-4D90ABF6FA7E}.Debug|Any CPU.Build.0 = Debug|Any CPU
		{DFA72C60-44BA-432D-B896-4D90ABF6FA7E}.Release|Any CPU.ActiveCfg = Release|Any CPU
		{DFA72C60-44BA-432D-B896-4D90ABF6FA7E}.Release|Any CPU.Build.0 = Release|Any CPU
		{7FE8A4D5-F8B1-4938-BFA6-3958037C8254}.Debug|Any CPU.ActiveCfg = Debug|Any CPU
		{7FE8A4D5-F8B1-4938-BFA6-3958037C8254}.Debug|Any CPU.Build.0 = Debug|Any CPU
		{7FE8A4D5-F8B1-4938-BFA6-3958037C8254}.Release|Any CPU.ActiveCfg = Release|Any CPU
		{7FE8A4D5-F8B1-4938-BFA6-3958037C8254}.Release|Any CPU.Build.0 = Release|Any CPU
		{BDC6283F-73FF-4FF4-8C50-B3C063CD4A03}.Debug|Any CPU.ActiveCfg = Debug|Any CPU
		{BDC6283F-73FF-4FF4-8C50-B3C063CD4A03}.Debug|Any CPU.Build.0 = Debug|Any CPU
		{BDC6283F-73FF-4FF4-8C50-B3C063CD4A03}.Release|Any CPU.ActiveCfg = Release|Any CPU
		{BDC6283F-73FF-4FF4-8C50-B3C063CD4A03}.Release|Any CPU.Build.0 = Release|Any CPU
		{04ADF3FF-D1FC-4B70-8021-BED525F5F443}.Debug|Any CPU.ActiveCfg = Debug|Any CPU
		{04ADF3FF-D1FC-4B70-8021-BED525F5F443}.Debug|Any CPU.Build.0 = Debug|Any CPU
		{04ADF3FF-D1FC-4B70-8021-BED525F5F443}.Release|Any CPU.ActiveCfg = Release|Any CPU
		{04ADF3FF-D1FC-4B70-8021-BED525F5F443}.Release|Any CPU.Build.0 = Release|Any CPU
		{5C144C3B-0D73-4558-83E4-BA12540EE808}.Debug|Any CPU.ActiveCfg = Debug|Any CPU
		{5C144C3B-0D73-4558-83E4-BA12540EE808}.Debug|Any CPU.Build.0 = Debug|Any CPU
		{5C144C3B-0D73-4558-83E4-BA12540EE808}.Release|Any CPU.ActiveCfg = Release|Any CPU
		{5C144C3B-0D73-4558-83E4-BA12540EE808}.Release|Any CPU.Build.0 = Release|Any CPU
		{5C435B40-05DE-4753-93A7-0B601D5BC354}.Debug|Any CPU.ActiveCfg = Debug|Any CPU
		{5C435B40-05DE-4753-93A7-0B601D5BC354}.Debug|Any CPU.Build.0 = Debug|Any CPU
		{5C435B40-05DE-4753-93A7-0B601D5BC354}.Release|Any CPU.ActiveCfg = Release|Any CPU
		{5C435B40-05DE-4753-93A7-0B601D5BC354}.Release|Any CPU.Build.0 = Release|Any CPU
	EndGlobalSection
EndGlobal
